// !$*UTF8*$!
{
	archiveVersion = 1;
	classes = {
	};
	objectVersion = 51;
	objects = {

/* Begin PBXBuildFile section */
		22E3BA8B25439ED5003EBE1B /* AppDelegate.swift in Sources */ = {isa = PBXBuildFile; fileRef = 22E3BA8A25439ED5003EBE1B /* AppDelegate.swift */; };
		22E3BA8D25439ED5003EBE1B /* SceneDelegate.swift in Sources */ = {isa = PBXBuildFile; fileRef = 22E3BA8C25439ED5003EBE1B /* SceneDelegate.swift */; };
		22E3BA9225439ED5003EBE1B /* Main.storyboard in Resources */ = {isa = PBXBuildFile; fileRef = 22E3BA9025439ED5003EBE1B /* Main.storyboard */; };
		22E3BA9425439ED6003EBE1B /* Assets.xcassets in Resources */ = {isa = PBXBuildFile; fileRef = 22E3BA9325439ED6003EBE1B /* Assets.xcassets */; };
		22E3BA9725439ED6003EBE1B /* LaunchScreen.storyboard in Resources */ = {isa = PBXBuildFile; fileRef = 22E3BA9525439ED6003EBE1B /* LaunchScreen.storyboard */; };
		22E3BAA225439ED6003EBE1B /* ParstagramTests.swift in Sources */ = {isa = PBXBuildFile; fileRef = 22E3BAA125439ED6003EBE1B /* ParstagramTests.swift */; };
		22E3BAAD25439ED6003EBE1B /* ParstagramUITests.swift in Sources */ = {isa = PBXBuildFile; fileRef = 22E3BAAC25439ED6003EBE1B /* ParstagramUITests.swift */; };
		22E3BACD2543A136003EBE1B /* LoginViewController.swift in Sources */ = {isa = PBXBuildFile; fileRef = 22E3BACC2543A136003EBE1B /* LoginViewController.swift */; };
		22E3BAD22543A146003EBE1B /* FeedViewController.swift in Sources */ = {isa = PBXBuildFile; fileRef = 22E3BAD12543A146003EBE1B /* FeedViewController.swift */; };
		22E3BAD72543A6AB003EBE1B /* CameraViewController.swift in Sources */ = {isa = PBXBuildFile; fileRef = 22E3BAD62543A6AB003EBE1B /* CameraViewController.swift */; };
		22E3BAE72543AFBB003EBE1B /* PostCell.swift in Sources */ = {isa = PBXBuildFile; fileRef = 22E3BAE62543AFBB003EBE1B /* PostCell.swift */; };
		355A8CAF1E095C808CB73E5A /* Pods_Parstagram.framework in Frameworks */ = {isa = PBXBuildFile; fileRef = B995A91CF1DDDEEC01934DE1 /* Pods_Parstagram.framework */; };
		355DE3870F1598A83C5374A9 /* Pods_ParstagramTests.framework in Frameworks */ = {isa = PBXBuildFile; fileRef = 2F9DBA411BF581027E3DF595 /* Pods_ParstagramTests.framework */; };
		FB993F1273835D299CB230AC /* Pods_Parstagram_ParstagramUITests.framework in Frameworks */ = {isa = PBXBuildFile; fileRef = 9B1B96107EBAC46B3192C1AF /* Pods_Parstagram_ParstagramUITests.framework */; };
/* End PBXBuildFile section */

/* Begin PBXContainerItemProxy section */
		22E3BA9E25439ED6003EBE1B /* PBXContainerItemProxy */ = {
			isa = PBXContainerItemProxy;
			containerPortal = 22E3BA7F25439ED5003EBE1B /* Project object */;
			proxyType = 1;
			remoteGlobalIDString = 22E3BA8625439ED5003EBE1B;
			remoteInfo = Parstagram;
		};
		22E3BAA925439ED6003EBE1B /* PBXContainerItemProxy */ = {
			isa = PBXContainerItemProxy;
			containerPortal = 22E3BA7F25439ED5003EBE1B /* Project object */;
			proxyType = 1;
			remoteGlobalIDString = 22E3BA8625439ED5003EBE1B;
			remoteInfo = Parstagram;
		};
/* End PBXContainerItemProxy section */

/* Begin PBXFileReference section */
		1A2E9B13B4C91E02EEBB9CED /* Pods-Parstagram-ParstagramUITests.release.xcconfig */ = {isa = PBXFileReference; includeInIndex = 1; lastKnownFileType = text.xcconfig; name = "Pods-Parstagram-ParstagramUITests.release.xcconfig"; path = "Target Support Files/Pods-Parstagram-ParstagramUITests/Pods-Parstagram-ParstagramUITests.release.xcconfig"; sourceTree = "<group>"; };
		22E3BA8725439ED5003EBE1B /* Parstagram.app */ = {isa = PBXFileReference; explicitFileType = wrapper.application; includeInIndex = 0; path = Parstagram.app; sourceTree = BUILT_PRODUCTS_DIR; };
		22E3BA8A25439ED5003EBE1B /* AppDelegate.swift */ = {isa = PBXFileReference; lastKnownFileType = sourcecode.swift; path = AppDelegate.swift; sourceTree = "<group>"; };
		22E3BA8C25439ED5003EBE1B /* SceneDelegate.swift */ = {isa = PBXFileReference; lastKnownFileType = sourcecode.swift; path = SceneDelegate.swift; sourceTree = "<group>"; };
		22E3BA9125439ED5003EBE1B /* Base */ = {isa = PBXFileReference; lastKnownFileType = file.storyboard; name = Base; path = Base.lproj/Main.storyboard; sourceTree = "<group>"; };
		22E3BA9325439ED6003EBE1B /* Assets.xcassets */ = {isa = PBXFileReference; lastKnownFileType = folder.assetcatalog; path = Assets.xcassets; sourceTree = "<group>"; };
		22E3BA9625439ED6003EBE1B /* Base */ = {isa = PBXFileReference; lastKnownFileType = file.storyboard; name = Base; path = Base.lproj/LaunchScreen.storyboard; sourceTree = "<group>"; };
		22E3BA9825439ED6003EBE1B /* Info.plist */ = {isa = PBXFileReference; lastKnownFileType = text.plist.xml; path = Info.plist; sourceTree = "<group>"; };
		22E3BA9D25439ED6003EBE1B /* ParstagramTests.xctest */ = {isa = PBXFileReference; explicitFileType = wrapper.cfbundle; includeInIndex = 0; path = ParstagramTests.xctest; sourceTree = BUILT_PRODUCTS_DIR; };
		22E3BAA125439ED6003EBE1B /* ParstagramTests.swift */ = {isa = PBXFileReference; lastKnownFileType = sourcecode.swift; path = ParstagramTests.swift; sourceTree = "<group>"; };
		22E3BAA325439ED6003EBE1B /* Info.plist */ = {isa = PBXFileReference; lastKnownFileType = text.plist.xml; path = Info.plist; sourceTree = "<group>"; };
		22E3BAA825439ED6003EBE1B /* ParstagramUITests.xctest */ = {isa = PBXFileReference; explicitFileType = wrapper.cfbundle; includeInIndex = 0; path = ParstagramUITests.xctest; sourceTree = BUILT_PRODUCTS_DIR; };
		22E3BAAC25439ED6003EBE1B /* ParstagramUITests.swift */ = {isa = PBXFileReference; lastKnownFileType = sourcecode.swift; path = ParstagramUITests.swift; sourceTree = "<group>"; };
		22E3BAAE25439ED6003EBE1B /* Info.plist */ = {isa = PBXFileReference; lastKnownFileType = text.plist.xml; path = Info.plist; sourceTree = "<group>"; };
		22E3BACC2543A136003EBE1B /* LoginViewController.swift */ = {isa = PBXFileReference; lastKnownFileType = sourcecode.swift; path = LoginViewController.swift; sourceTree = "<group>"; };
		22E3BAD12543A146003EBE1B /* FeedViewController.swift */ = {isa = PBXFileReference; lastKnownFileType = sourcecode.swift; path = FeedViewController.swift; sourceTree = "<group>"; };
		22E3BAD62543A6AB003EBE1B /* CameraViewController.swift */ = {isa = PBXFileReference; lastKnownFileType = sourcecode.swift; path = CameraViewController.swift; sourceTree = "<group>"; };
		22E3BAE62543AFBB003EBE1B /* PostCell.swift */ = {isa = PBXFileReference; lastKnownFileType = sourcecode.swift; path = PostCell.swift; sourceTree = "<group>"; };
		2F9DBA411BF581027E3DF595 /* Pods_ParstagramTests.framework */ = {isa = PBXFileReference; explicitFileType = wrapper.framework; includeInIndex = 0; path = Pods_ParstagramTests.framework; sourceTree = BUILT_PRODUCTS_DIR; };
		5C72257BC4F6868D67C86E36 /* Pods-Parstagram.release.xcconfig */ = {isa = PBXFileReference; includeInIndex = 1; lastKnownFileType = text.xcconfig; name = "Pods-Parstagram.release.xcconfig"; path = "Target Support Files/Pods-Parstagram/Pods-Parstagram.release.xcconfig"; sourceTree = "<group>"; };
		791C4F2E74AF77DE79FEFFB6 /* Pods-Parstagram.debug.xcconfig */ = {isa = PBXFileReference; includeInIndex = 1; lastKnownFileType = text.xcconfig; name = "Pods-Parstagram.debug.xcconfig"; path = "Target Support Files/Pods-Parstagram/Pods-Parstagram.debug.xcconfig"; sourceTree = "<group>"; };
		8829FEC952C90BAA43876C34 /* Pods-Parstagram-ParstagramUITests.debug.xcconfig */ = {isa = PBXFileReference; includeInIndex = 1; lastKnownFileType = text.xcconfig; name = "Pods-Parstagram-ParstagramUITests.debug.xcconfig"; path = "Target Support Files/Pods-Parstagram-ParstagramUITests/Pods-Parstagram-ParstagramUITests.debug.xcconfig"; sourceTree = "<group>"; };
		9403FC5C1223F3FCDEF39AFC /* Pods-ParstagramTests.release.xcconfig */ = {isa = PBXFileReference; includeInIndex = 1; lastKnownFileType = text.xcconfig; name = "Pods-ParstagramTests.release.xcconfig"; path = "Target Support Files/Pods-ParstagramTests/Pods-ParstagramTests.release.xcconfig"; sourceTree = "<group>"; };
		9B1B96107EBAC46B3192C1AF /* Pods_Parstagram_ParstagramUITests.framework */ = {isa = PBXFileReference; explicitFileType = wrapper.framework; includeInIndex = 0; path = Pods_Parstagram_ParstagramUITests.framework; sourceTree = BUILT_PRODUCTS_DIR; };
		B995A91CF1DDDEEC01934DE1 /* Pods_Parstagram.framework */ = {isa = PBXFileReference; explicitFileType = wrapper.framework; includeInIndex = 0; path = Pods_Parstagram.framework; sourceTree = BUILT_PRODUCTS_DIR; };
		C3160F04DD094DDA18ABF4DD /* Pods-ParstagramTests.debug.xcconfig */ = {isa = PBXFileReference; includeInIndex = 1; lastKnownFileType = text.xcconfig; name = "Pods-ParstagramTests.debug.xcconfig"; path = "Target Support Files/Pods-ParstagramTests/Pods-ParstagramTests.debug.xcconfig"; sourceTree = "<group>"; };
/* End PBXFileReference section */

/* Begin PBXFrameworksBuildPhase section */
		22E3BA8425439ED5003EBE1B /* Frameworks */ = {
			isa = PBXFrameworksBuildPhase;
			buildActionMask = 2147483647;
			files = (
				355A8CAF1E095C808CB73E5A /* Pods_Parstagram.framework in Frameworks */,
			);
			runOnlyForDeploymentPostprocessing = 0;
		};
		22E3BA9A25439ED6003EBE1B /* Frameworks */ = {
			isa = PBXFrameworksBuildPhase;
			buildActionMask = 2147483647;
			files = (
				355DE3870F1598A83C5374A9 /* Pods_ParstagramTests.framework in Frameworks */,
			);
			runOnlyForDeploymentPostprocessing = 0;
		};
		22E3BAA525439ED6003EBE1B /* Frameworks */ = {
			isa = PBXFrameworksBuildPhase;
			buildActionMask = 2147483647;
			files = (
				FB993F1273835D299CB230AC /* Pods_Parstagram_ParstagramUITests.framework in Frameworks */,
			);
			runOnlyForDeploymentPostprocessing = 0;
		};
/* End PBXFrameworksBuildPhase section */

/* Begin PBXGroup section */
		22E3BA7E25439ED5003EBE1B = {
			isa = PBXGroup;
			children = (
				22E3BA8925439ED5003EBE1B /* Parstagram */,
				22E3BAA025439ED6003EBE1B /* ParstagramTests */,
				22E3BAAB25439ED6003EBE1B /* ParstagramUITests */,
				22E3BA8825439ED5003EBE1B /* Products */,
				3B4FD5B54033EDC38D377182 /* Pods */,
				38479EC7D5954EDC8515770B /* Frameworks */,
			);
			sourceTree = "<group>";
		};
		22E3BA8825439ED5003EBE1B /* Products */ = {
			isa = PBXGroup;
			children = (
				22E3BA8725439ED5003EBE1B /* Parstagram.app */,
				22E3BA9D25439ED6003EBE1B /* ParstagramTests.xctest */,
				22E3BAA825439ED6003EBE1B /* ParstagramUITests.xctest */,
			);
			name = Products;
			sourceTree = "<group>";
		};
		22E3BA8925439ED5003EBE1B /* Parstagram */ = {
			isa = PBXGroup;
			children = (
				22E3BA8A25439ED5003EBE1B /* AppDelegate.swift */,
				22E3BA8C25439ED5003EBE1B /* SceneDelegate.swift */,
				22E3BA9025439ED5003EBE1B /* Main.storyboard */,
				22E3BA9325439ED6003EBE1B /* Assets.xcassets */,
				22E3BA9525439ED6003EBE1B /* LaunchScreen.storyboard */,
				22E3BA9825439ED6003EBE1B /* Info.plist */,
				22E3BACC2543A136003EBE1B /* LoginViewController.swift */,
				22E3BAD12543A146003EBE1B /* FeedViewController.swift */,
				22E3BAD62543A6AB003EBE1B /* CameraViewController.swift */,
				22E3BAE62543AFBB003EBE1B /* PostCell.swift */,
			);
			path = Parstagram;
			sourceTree = "<group>";
		};
		22E3BAA025439ED6003EBE1B /* ParstagramTests */ = {
			isa = PBXGroup;
			children = (
				22E3BAA125439ED6003EBE1B /* ParstagramTests.swift */,
				22E3BAA325439ED6003EBE1B /* Info.plist */,
			);
			path = ParstagramTests;
			sourceTree = "<group>";
		};
		22E3BAAB25439ED6003EBE1B /* ParstagramUITests */ = {
			isa = PBXGroup;
			children = (
				22E3BAAC25439ED6003EBE1B /* ParstagramUITests.swift */,
				22E3BAAE25439ED6003EBE1B /* Info.plist */,
			);
			path = ParstagramUITests;
			sourceTree = "<group>";
		};
		38479EC7D5954EDC8515770B /* Frameworks */ = {
			isa = PBXGroup;
			children = (
				B995A91CF1DDDEEC01934DE1 /* Pods_Parstagram.framework */,
				9B1B96107EBAC46B3192C1AF /* Pods_Parstagram_ParstagramUITests.framework */,
				2F9DBA411BF581027E3DF595 /* Pods_ParstagramTests.framework */,
			);
			name = Frameworks;
			sourceTree = "<group>";
		};
		3B4FD5B54033EDC38D377182 /* Pods */ = {
			isa = PBXGroup;
			children = (
				791C4F2E74AF77DE79FEFFB6 /* Pods-Parstagram.debug.xcconfig */,
				5C72257BC4F6868D67C86E36 /* Pods-Parstagram.release.xcconfig */,
				8829FEC952C90BAA43876C34 /* Pods-Parstagram-ParstagramUITests.debug.xcconfig */,
				1A2E9B13B4C91E02EEBB9CED /* Pods-Parstagram-ParstagramUITests.release.xcconfig */,
				C3160F04DD094DDA18ABF4DD /* Pods-ParstagramTests.debug.xcconfig */,
				9403FC5C1223F3FCDEF39AFC /* Pods-ParstagramTests.release.xcconfig */,
			);
			path = Pods;
			sourceTree = "<group>";
		};
/* End PBXGroup section */

/* Begin PBXNativeTarget section */
		22E3BA8625439ED5003EBE1B /* Parstagram */ = {
			isa = PBXNativeTarget;
			buildConfigurationList = 22E3BAB125439ED6003EBE1B /* Build configuration list for PBXNativeTarget "Parstagram" */;
			buildPhases = (
				E0766202BFE77164F40A5CA5 /* [CP] Check Pods Manifest.lock */,
				22E3BA8325439ED5003EBE1B /* Sources */,
				22E3BA8425439ED5003EBE1B /* Frameworks */,
				22E3BA8525439ED5003EBE1B /* Resources */,
				525E243AFE5C3FE2511AE957 /* [CP] Embed Pods Frameworks */,
			);
			buildRules = (
			);
			dependencies = (
			);
			name = Parstagram;
			productName = Parstagram;
			productReference = 22E3BA8725439ED5003EBE1B /* Parstagram.app */;
			productType = "com.apple.product-type.application";
		};
		22E3BA9C25439ED6003EBE1B /* ParstagramTests */ = {
			isa = PBXNativeTarget;
			buildConfigurationList = 22E3BAB425439ED6003EBE1B /* Build configuration list for PBXNativeTarget "ParstagramTests" */;
			buildPhases = (
				AA4FC894EB185343AACD0A23 /* [CP] Check Pods Manifest.lock */,
				22E3BA9925439ED6003EBE1B /* Sources */,
				22E3BA9A25439ED6003EBE1B /* Frameworks */,
				22E3BA9B25439ED6003EBE1B /* Resources */,
			);
			buildRules = (
			);
			dependencies = (
				22E3BA9F25439ED6003EBE1B /* PBXTargetDependency */,
			);
			name = ParstagramTests;
			productName = ParstagramTests;
			productReference = 22E3BA9D25439ED6003EBE1B /* ParstagramTests.xctest */;
			productType = "com.apple.product-type.bundle.unit-test";
		};
		22E3BAA725439ED6003EBE1B /* ParstagramUITests */ = {
			isa = PBXNativeTarget;
			buildConfigurationList = 22E3BAB725439ED6003EBE1B /* Build configuration list for PBXNativeTarget "ParstagramUITests" */;
			buildPhases = (
				B854FD29CCC6FD44D89BF7A9 /* [CP] Check Pods Manifest.lock */,
				22E3BAA425439ED6003EBE1B /* Sources */,
				22E3BAA525439ED6003EBE1B /* Frameworks */,
				22E3BAA625439ED6003EBE1B /* Resources */,
				48023548315F016BB31ADFBF /* [CP] Embed Pods Frameworks */,
			);
			buildRules = (
			);
			dependencies = (
				22E3BAAA25439ED6003EBE1B /* PBXTargetDependency */,
			);
			name = ParstagramUITests;
			productName = ParstagramUITests;
			productReference = 22E3BAA825439ED6003EBE1B /* ParstagramUITests.xctest */;
			productType = "com.apple.product-type.bundle.ui-testing";
		};
/* End PBXNativeTarget section */

/* Begin PBXProject section */
		22E3BA7F25439ED5003EBE1B /* Project object */ = {
			isa = PBXProject;
			attributes = {
				LastSwiftUpdateCheck = 1200;
				LastUpgradeCheck = 1200;
				TargetAttributes = {
					22E3BA8625439ED5003EBE1B = {
						CreatedOnToolsVersion = 12.0.1;
					};
					22E3BA9C25439ED6003EBE1B = {
						CreatedOnToolsVersion = 12.0.1;
						TestTargetID = 22E3BA8625439ED5003EBE1B;
					};
					22E3BAA725439ED6003EBE1B = {
						CreatedOnToolsVersion = 12.0.1;
						TestTargetID = 22E3BA8625439ED5003EBE1B;
					};
				};
			};
			buildConfigurationList = 22E3BA8225439ED5003EBE1B /* Build configuration list for PBXProject "Parstagram" */;
			compatibilityVersion = "Xcode 9.3";
			developmentRegion = en;
			hasScannedForEncodings = 0;
			knownRegions = (
				en,
				Base,
			);
			mainGroup = 22E3BA7E25439ED5003EBE1B;
			productRefGroup = 22E3BA8825439ED5003EBE1B /* Products */;
			projectDirPath = "";
			projectRoot = "";
			targets = (
				22E3BA8625439ED5003EBE1B /* Parstagram */,
				22E3BA9C25439ED6003EBE1B /* ParstagramTests */,
				22E3BAA725439ED6003EBE1B /* ParstagramUITests */,
			);
		};
/* End PBXProject section */

/* Begin PBXResourcesBuildPhase section */
		22E3BA8525439ED5003EBE1B /* Resources */ = {
			isa = PBXResourcesBuildPhase;
			buildActionMask = 2147483647;
			files = (
				22E3BA9725439ED6003EBE1B /* LaunchScreen.storyboard in Resources */,
				22E3BA9425439ED6003EBE1B /* Assets.xcassets in Resources */,
				22E3BA9225439ED5003EBE1B /* Main.storyboard in Resources */,
			);
			runOnlyForDeploymentPostprocessing = 0;
		};
		22E3BA9B25439ED6003EBE1B /* Resources */ = {
			isa = PBXResourcesBuildPhase;
			buildActionMask = 2147483647;
			files = (
			);
			runOnlyForDeploymentPostprocessing = 0;
		};
		22E3BAA625439ED6003EBE1B /* Resources */ = {
			isa = PBXResourcesBuildPhase;
			buildActionMask = 2147483647;
			files = (
			);
			runOnlyForDeploymentPostprocessing = 0;
		};
/* End PBXResourcesBuildPhase section */

/* Begin PBXShellScriptBuildPhase section */
		48023548315F016BB31ADFBF /* [CP] Embed Pods Frameworks */ = {
			isa = PBXShellScriptBuildPhase;
			buildActionMask = 2147483647;
			files = (
			);
			inputFileListPaths = (
				"${PODS_ROOT}/Target Support Files/Pods-Parstagram-ParstagramUITests/Pods-Parstagram-ParstagramUITests-frameworks-${CONFIGURATION}-input-files.xcfilelist",
			);
			name = "[CP] Embed Pods Frameworks";
			outputFileListPaths = (
				"${PODS_ROOT}/Target Support Files/Pods-Parstagram-ParstagramUITests/Pods-Parstagram-ParstagramUITests-frameworks-${CONFIGURATION}-output-files.xcfilelist",
			);
			runOnlyForDeploymentPostprocessing = 0;
			shellPath = /bin/sh;
			shellScript = "\"${PODS_ROOT}/Target Support Files/Pods-Parstagram-ParstagramUITests/Pods-Parstagram-ParstagramUITests-frameworks.sh\"\n";
			showEnvVarsInLog = 0;
		};
		525E243AFE5C3FE2511AE957 /* [CP] Embed Pods Frameworks */ = {
			isa = PBXShellScriptBuildPhase;
			buildActionMask = 2147483647;
			files = (
			);
			inputFileListPaths = (
				"${PODS_ROOT}/Target Support Files/Pods-Parstagram/Pods-Parstagram-frameworks-${CONFIGURATION}-input-files.xcfilelist",
			);
			name = "[CP] Embed Pods Frameworks";
			outputFileListPaths = (
				"${PODS_ROOT}/Target Support Files/Pods-Parstagram/Pods-Parstagram-frameworks-${CONFIGURATION}-output-files.xcfilelist",
			);
			runOnlyForDeploymentPostprocessing = 0;
			shellPath = /bin/sh;
			shellScript = "\"${PODS_ROOT}/Target Support Files/Pods-Parstagram/Pods-Parstagram-frameworks.sh\"\n";
			showEnvVarsInLog = 0;
		};
		AA4FC894EB185343AACD0A23 /* [CP] Check Pods Manifest.lock */ = {
			isa = PBXShellScriptBuildPhase;
			buildActionMask = 2147483647;
			files = (
			);
			inputFileListPaths = (
			);
			inputPaths = (
				"${PODS_PODFILE_DIR_PATH}/Podfile.lock",
				"${PODS_ROOT}/Manifest.lock",
			);
			name = "[CP] Check Pods Manifest.lock";
			outputFileListPaths = (
			);
			outputPaths = (
				"$(DERIVED_FILE_DIR)/Pods-ParstagramTests-checkManifestLockResult.txt",
			);
			runOnlyForDeploymentPostprocessing = 0;
			shellPath = /bin/sh;
			shellScript = "diff \"${PODS_PODFILE_DIR_PATH}/Podfile.lock\" \"${PODS_ROOT}/Manifest.lock\" > /dev/null\nif [ $? != 0 ] ; then\n    # print error to STDERR\n    echo \"error: The sandbox is not in sync with the Podfile.lock. Run 'pod install' or update your CocoaPods installation.\" >&2\n    exit 1\nfi\n# This output is used by Xcode 'outputs' to avoid re-running this script phase.\necho \"SUCCESS\" > \"${SCRIPT_OUTPUT_FILE_0}\"\n";
			showEnvVarsInLog = 0;
		};
		B854FD29CCC6FD44D89BF7A9 /* [CP] Check Pods Manifest.lock */ = {
			isa = PBXShellScriptBuildPhase;
			buildActionMask = 2147483647;
			files = (
			);
			inputFileListPaths = (
			);
			inputPaths = (
				"${PODS_PODFILE_DIR_PATH}/Podfile.lock",
				"${PODS_ROOT}/Manifest.lock",
			);
			name = "[CP] Check Pods Manifest.lock";
			outputFileListPaths = (
			);
			outputPaths = (
				"$(DERIVED_FILE_DIR)/Pods-Parstagram-ParstagramUITests-checkManifestLockResult.txt",
			);
			runOnlyForDeploymentPostprocessing = 0;
			shellPath = /bin/sh;
			shellScript = "diff \"${PODS_PODFILE_DIR_PATH}/Podfile.lock\" \"${PODS_ROOT}/Manifest.lock\" > /dev/null\nif [ $? != 0 ] ; then\n    # print error to STDERR\n    echo \"error: The sandbox is not in sync with the Podfile.lock. Run 'pod install' or update your CocoaPods installation.\" >&2\n    exit 1\nfi\n# This output is used by Xcode 'outputs' to avoid re-running this script phase.\necho \"SUCCESS\" > \"${SCRIPT_OUTPUT_FILE_0}\"\n";
			showEnvVarsInLog = 0;
		};
		E0766202BFE77164F40A5CA5 /* [CP] Check Pods Manifest.lock */ = {
			isa = PBXShellScriptBuildPhase;
			buildActionMask = 2147483647;
			files = (
			);
			inputFileListPaths = (
			);
			inputPaths = (
				"${PODS_PODFILE_DIR_PATH}/Podfile.lock",
				"${PODS_ROOT}/Manifest.lock",
			);
			name = "[CP] Check Pods Manifest.lock";
			outputFileListPaths = (
			);
			outputPaths = (
				"$(DERIVED_FILE_DIR)/Pods-Parstagram-checkManifestLockResult.txt",
			);
			runOnlyForDeploymentPostprocessing = 0;
			shellPath = /bin/sh;
			shellScript = "diff \"${PODS_PODFILE_DIR_PATH}/Podfile.lock\" \"${PODS_ROOT}/Manifest.lock\" > /dev/null\nif [ $? != 0 ] ; then\n    # print error to STDERR\n    echo \"error: The sandbox is not in sync with the Podfile.lock. Run 'pod install' or update your CocoaPods installation.\" >&2\n    exit 1\nfi\n# This output is used by Xcode 'outputs' to avoid re-running this script phase.\necho \"SUCCESS\" > \"${SCRIPT_OUTPUT_FILE_0}\"\n";
			showEnvVarsInLog = 0;
		};
/* End PBXShellScriptBuildPhase section */

/* Begin PBXSourcesBuildPhase section */
		22E3BA8325439ED5003EBE1B /* Sources */ = {
			isa = PBXSourcesBuildPhase;
			buildActionMask = 2147483647;
			files = (
				22E3BACD2543A136003EBE1B /* LoginViewController.swift in Sources */,
				22E3BAD72543A6AB003EBE1B /* CameraViewController.swift in Sources */,
				22E3BA8B25439ED5003EBE1B /* AppDelegate.swift in Sources */,
				22E3BAD22543A146003EBE1B /* FeedViewController.swift in Sources */,
				22E3BA8D25439ED5003EBE1B /* SceneDelegate.swift in Sources */,
				22E3BAE72543AFBB003EBE1B /* PostCell.swift in Sources */,
			);
			runOnlyForDeploymentPostprocessing = 0;
		};
		22E3BA9925439ED6003EBE1B /* Sources */ = {
			isa = PBXSourcesBuildPhase;
			buildActionMask = 2147483647;
			files = (
				22E3BAA225439ED6003EBE1B /* ParstagramTests.swift in Sources */,
			);
			runOnlyForDeploymentPostprocessing = 0;
		};
		22E3BAA425439ED6003EBE1B /* Sources */ = {
			isa = PBXSourcesBuildPhase;
			buildActionMask = 2147483647;
			files = (
				22E3BAAD25439ED6003EBE1B /* ParstagramUITests.swift in Sources */,
			);
			runOnlyForDeploymentPostprocessing = 0;
		};
/* End PBXSourcesBuildPhase section */

/* Begin PBXTargetDependency section */
		22E3BA9F25439ED6003EBE1B /* PBXTargetDependency */ = {
			isa = PBXTargetDependency;
			target = 22E3BA8625439ED5003EBE1B /* Parstagram */;
			targetProxy = 22E3BA9E25439ED6003EBE1B /* PBXContainerItemProxy */;
		};
		22E3BAAA25439ED6003EBE1B /* PBXTargetDependency */ = {
			isa = PBXTargetDependency;
			target = 22E3BA8625439ED5003EBE1B /* Parstagram */;
			targetProxy = 22E3BAA925439ED6003EBE1B /* PBXContainerItemProxy */;
		};
/* End PBXTargetDependency section */

/* Begin PBXVariantGroup section */
		22E3BA9025439ED5003EBE1B /* Main.storyboard */ = {
			isa = PBXVariantGroup;
			children = (
				22E3BA9125439ED5003EBE1B /* Base */,
			);
			name = Main.storyboard;
			sourceTree = "<group>";
		};
		22E3BA9525439ED6003EBE1B /* LaunchScreen.storyboard */ = {
			isa = PBXVariantGroup;
			children = (
				22E3BA9625439ED6003EBE1B /* Base */,
			);
			name = LaunchScreen.storyboard;
			sourceTree = "<group>";
		};
/* End PBXVariantGroup section */

/* Begin XCBuildConfiguration section */
		22E3BAAF25439ED6003EBE1B /* Debug */ = {
			isa = XCBuildConfiguration;
			buildSettings = {
				ALWAYS_SEARCH_USER_PATHS = NO;
				CLANG_ANALYZER_NONNULL = YES;
				CLANG_ANALYZER_NUMBER_OBJECT_CONVERSION = YES_AGGRESSIVE;
				CLANG_CXX_LANGUAGE_STANDARD = "gnu++14";
				CLANG_CXX_LIBRARY = "libc++";
				CLANG_ENABLE_MODULES = YES;
				CLANG_ENABLE_OBJC_ARC = YES;
				CLANG_ENABLE_OBJC_WEAK = YES;
				CLANG_WARN_BLOCK_CAPTURE_AUTORELEASING = YES;
				CLANG_WARN_BOOL_CONVERSION = YES;
				CLANG_WARN_COMMA = YES;
				CLANG_WARN_CONSTANT_CONVERSION = YES;
				CLANG_WARN_DEPRECATED_OBJC_IMPLEMENTATIONS = YES;
				CLANG_WARN_DIRECT_OBJC_ISA_USAGE = YES_ERROR;
				CLANG_WARN_DOCUMENTATION_COMMENTS = YES;
				CLANG_WARN_EMPTY_BODY = YES;
				CLANG_WARN_ENUM_CONVERSION = YES;
				CLANG_WARN_INFINITE_RECURSION = YES;
				CLANG_WARN_INT_CONVERSION = YES;
				CLANG_WARN_NON_LITERAL_NULL_CONVERSION = YES;
				CLANG_WARN_OBJC_IMPLICIT_RETAIN_SELF = YES;
				CLANG_WARN_OBJC_LITERAL_CONVERSION = YES;
				CLANG_WARN_OBJC_ROOT_CLASS = YES_ERROR;
				CLANG_WARN_QUOTED_INCLUDE_IN_FRAMEWORK_HEADER = YES;
				CLANG_WARN_RANGE_LOOP_ANALYSIS = YES;
				CLANG_WARN_STRICT_PROTOTYPES = YES;
				CLANG_WARN_SUSPICIOUS_MOVE = YES;
				CLANG_WARN_UNGUARDED_AVAILABILITY = YES_AGGRESSIVE;
				CLANG_WARN_UNREACHABLE_CODE = YES;
				CLANG_WARN__DUPLICATE_METHOD_MATCH = YES;
				COPY_PHASE_STRIP = NO;
				DEBUG_INFORMATION_FORMAT = dwarf;
				ENABLE_STRICT_OBJC_MSGSEND = YES;
				ENABLE_TESTABILITY = YES;
				GCC_C_LANGUAGE_STANDARD = gnu11;
				GCC_DYNAMIC_NO_PIC = NO;
				GCC_NO_COMMON_BLOCKS = YES;
				GCC_OPTIMIZATION_LEVEL = 0;
				GCC_PREPROCESSOR_DEFINITIONS = (
					"DEBUG=1",
					"$(inherited)",
				);
				GCC_WARN_64_TO_32_BIT_CONVERSION = YES;
				GCC_WARN_ABOUT_RETURN_TYPE = YES_ERROR;
				GCC_WARN_UNDECLARED_SELECTOR = YES;
				GCC_WARN_UNINITIALIZED_AUTOS = YES_AGGRESSIVE;
				GCC_WARN_UNUSED_FUNCTION = YES;
				GCC_WARN_UNUSED_VARIABLE = YES;
				IPHONEOS_DEPLOYMENT_TARGET = 14.0;
				MTL_ENABLE_DEBUG_INFO = INCLUDE_SOURCE;
				MTL_FAST_MATH = YES;
				ONLY_ACTIVE_ARCH = YES;
				SDKROOT = iphoneos;
				SWIFT_ACTIVE_COMPILATION_CONDITIONS = DEBUG;
				SWIFT_OPTIMIZATION_LEVEL = "-Onone";
			};
			name = Debug;
		};
		22E3BAB025439ED6003EBE1B /* Release */ = {
			isa = XCBuildConfiguration;
			buildSettings = {
				ALWAYS_SEARCH_USER_PATHS = NO;
				CLANG_ANALYZER_NONNULL = YES;
				CLANG_ANALYZER_NUMBER_OBJECT_CONVERSION = YES_AGGRESSIVE;
				CLANG_CXX_LANGUAGE_STANDARD = "gnu++14";
				CLANG_CXX_LIBRARY = "libc++";
				CLANG_ENABLE_MODULES = YES;
				CLANG_ENABLE_OBJC_ARC = YES;
				CLANG_ENABLE_OBJC_WEAK = YES;
				CLANG_WARN_BLOCK_CAPTURE_AUTORELEASING = YES;
				CLANG_WARN_BOOL_CONVERSION = YES;
				CLANG_WARN_COMMA = YES;
				CLANG_WARN_CONSTANT_CONVERSION = YES;
				CLANG_WARN_DEPRECATED_OBJC_IMPLEMENTATIONS = YES;
				CLANG_WARN_DIRECT_OBJC_ISA_USAGE = YES_ERROR;
				CLANG_WARN_DOCUMENTATION_COMMENTS = YES;
				CLANG_WARN_EMPTY_BODY = YES;
				CLANG_WARN_ENUM_CONVERSION = YES;
				CLANG_WARN_INFINITE_RECURSION = YES;
				CLANG_WARN_INT_CONVERSION = YES;
				CLANG_WARN_NON_LITERAL_NULL_CONVERSION = YES;
				CLANG_WARN_OBJC_IMPLICIT_RETAIN_SELF = YES;
				CLANG_WARN_OBJC_LITERAL_CONVERSION = YES;
				CLANG_WARN_OBJC_ROOT_CLASS = YES_ERROR;
				CLANG_WARN_QUOTED_INCLUDE_IN_FRAMEWORK_HEADER = YES;
				CLANG_WARN_RANGE_LOOP_ANALYSIS = YES;
				CLANG_WARN_STRICT_PROTOTYPES = YES;
				CLANG_WARN_SUSPICIOUS_MOVE = YES;
				CLANG_WARN_UNGUARDED_AVAILABILITY = YES_AGGRESSIVE;
				CLANG_WARN_UNREACHABLE_CODE = YES;
				CLANG_WARN__DUPLICATE_METHOD_MATCH = YES;
				COPY_PHASE_STRIP = NO;
				DEBUG_INFORMATION_FORMAT = "dwarf-with-dsym";
				ENABLE_NS_ASSERTIONS = NO;
				ENABLE_STRICT_OBJC_MSGSEND = YES;
				GCC_C_LANGUAGE_STANDARD = gnu11;
				GCC_NO_COMMON_BLOCKS = YES;
				GCC_WARN_64_TO_32_BIT_CONVERSION = YES;
				GCC_WARN_ABOUT_RETURN_TYPE = YES_ERROR;
				GCC_WARN_UNDECLARED_SELECTOR = YES;
				GCC_WARN_UNINITIALIZED_AUTOS = YES_AGGRESSIVE;
				GCC_WARN_UNUSED_FUNCTION = YES;
				GCC_WARN_UNUSED_VARIABLE = YES;
				IPHONEOS_DEPLOYMENT_TARGET = 14.0;
				MTL_ENABLE_DEBUG_INFO = NO;
				MTL_FAST_MATH = YES;
				SDKROOT = iphoneos;
				SWIFT_COMPILATION_MODE = wholemodule;
				SWIFT_OPTIMIZATION_LEVEL = "-O";
				VALIDATE_PRODUCT = YES;
			};
			name = Release;
		};
		22E3BAB225439ED6003EBE1B /* Debug */ = {
			isa = XCBuildConfiguration;
			baseConfigurationReference = 791C4F2E74AF77DE79FEFFB6 /* Pods-Parstagram.debug.xcconfig */;
			buildSettings = {
				ASSETCATALOG_COMPILER_APPICON_NAME = AppIcon;
				ASSETCATALOG_COMPILER_GLOBAL_ACCENT_COLOR_NAME = AccentColor;
				CODE_SIGN_STYLE = Automatic;
				DEVELOPMENT_TEAM = RZG65TU6A2;
				INFOPLIST_FILE = Parstagram/Info.plist;
				LD_RUNPATH_SEARCH_PATHS = (
					"$(inherited)",
					"@executable_path/Frameworks",
				);
				PRODUCT_BUNDLE_IDENTIFIER = me.tim.Parstagram;
				PRODUCT_NAME = "$(TARGET_NAME)";
				SWIFT_VERSION = 5.0;
				TARGETED_DEVICE_FAMILY = "1,2";
			};
			name = Debug;
		};
		22E3BAB325439ED6003EBE1B /* Release */ = {
			isa = XCBuildConfiguration;
			baseConfigurationReference = 5C72257BC4F6868D67C86E36 /* Pods-Parstagram.release.xcconfig */;
			buildSettings = {
				ASSETCATALOG_COMPILER_APPICON_NAME = AppIcon;
				ASSETCATALOG_COMPILER_GLOBAL_ACCENT_COLOR_NAME = AccentColor;
				CODE_SIGN_STYLE = Automatic;
				DEVELOPMENT_TEAM = RZG65TU6A2;
				INFOPLIST_FILE = Parstagram/Info.plist;
				LD_RUNPATH_SEARCH_PATHS = (
					"$(inherited)",
					"@executable_path/Frameworks",
				);
				PRODUCT_BUNDLE_IDENTIFIER = me.tim.Parstagram;
				PRODUCT_NAME = "$(TARGET_NAME)";
				SWIFT_VERSION = 5.0;
				TARGETED_DEVICE_FAMILY = "1,2";
			};
			name = Release;
		};
		22E3BAB525439ED6003EBE1B /* Debug */ = {
			isa = XCBuildConfiguration;
			baseConfigurationReference = C3160F04DD094DDA18ABF4DD /* Pods-ParstagramTests.debug.xcconfig */;
			buildSettings = {
				ALWAYS_EMBED_SWIFT_STANDARD_LIBRARIES = YES;
				BUNDLE_LOADER = "$(TEST_HOST)";
				CODE_SIGN_STYLE = Automatic;
				DEVELOPMENT_TEAM = RZG65TU6A2;
				INFOPLIST_FILE = ParstagramTests/Info.plist;
				IPHONEOS_DEPLOYMENT_TARGET = 14.0;
				LD_RUNPATH_SEARCH_PATHS = (
					"$(inherited)",
					"@executable_path/Frameworks",
					"@loader_path/Frameworks",
				);
				PRODUCT_BUNDLE_IDENTIFIER = me.tim.ParstagramTests;
				PRODUCT_NAME = "$(TARGET_NAME)";
				SWIFT_VERSION = 5.0;
				TARGETED_DEVICE_FAMILY = "1,2";
				TEST_HOST = "$(BUILT_PRODUCTS_DIR)/Parstagram.app/Parstagram";
			};
			name = Debug;
		};
		22E3BAB625439ED6003EBE1B /* Release */ = {
			isa = XCBuildConfiguration;
			baseConfigurationReference = 9403FC5C1223F3FCDEF39AFC /* Pods-ParstagramTests.release.xcconfig */;
			buildSettings = {
				ALWAYS_EMBED_SWIFT_STANDARD_LIBRARIES = YES;
				BUNDLE_LOADER = "$(TEST_HOST)";
				CODE_SIGN_STYLE = Automatic;
				DEVELOPMENT_TEAM = RZG65TU6A2;
				INFOPLIST_FILE = ParstagramTests/Info.plist;
				IPHONEOS_DEPLOYMENT_TARGET = 14.0;
				LD_RUNPATH_SEARCH_PATHS = (
					"$(inherited)",
					"@executable_path/Frameworks",
					"@loader_path/Frameworks",
				);
				PRODUCT_BUNDLE_IDENTIFIER = me.tim.ParstagramTests;
				PRODUCT_NAME = "$(TARGET_NAME)";
				SWIFT_VERSION = 5.0;
				TARGETED_DEVICE_FAMILY = "1,2";
				TEST_HOST = "$(BUILT_PRODUCTS_DIR)/Parstagram.app/Parstagram";
			};
			name = Release;
		};
		22E3BAB825439ED6003EBE1B /* Debug */ = {
			isa = XCBuildConfiguration;
			baseConfigurationReference = 8829FEC952C90BAA43876C34 /* Pods-Parstagram-ParstagramUITests.debug.xcconfig */;
			buildSettings = {
				ALWAYS_EMBED_SWIFT_STANDARD_LIBRARIES = YES;
				CODE_SIGN_STYLE = Automatic;
				DEVELOPMENT_TEAM = RZG65TU6A2;
				INFOPLIST_FILE = ParstagramUITests/Info.plist;
				LD_RUNPATH_SEARCH_PATHS = (
					"$(inherited)",
					"@executable_path/Frameworks",
					"@loader_path/Frameworks",
				);
				PRODUCT_BUNDLE_IDENTIFIER = me.tim.ParstagramUITests;
				PRODUCT_NAME = "$(TARGET_NAME)";
				SWIFT_VERSION = 5.0;
				TARGETED_DEVICE_FAMILY = "1,2";
				TEST_TARGET_NAME = Parstagram;
			};
			name = Debug;
		};
		22E3BAB925439ED6003EBE1B /* Release */ = {
			isa = XCBuildConfiguration;
			baseConfigurationReference = 1A2E9B13B4C91E02EEBB9CED /* Pods-Parstagram-ParstagramUITests.release.xcconfig */;
			buildSettings = {
				ALWAYS_EMBED_SWIFT_STANDARD_LIBRARIES = YES;
				CODE_SIGN_STYLE = Automatic;
				DEVELOPMENT_TEAM = RZG65TU6A2;
				INFOPLIST_FILE = ParstagramUITests/Info.plist;
				LD_RUNPATH_SEARCH_PATHS = (
					"$(inherited)",
					"@executable_path/Frameworks",
					"@loader_path/Frameworks",
				);
				PRODUCT_BUNDLE_IDENTIFIER = me.tim.ParstagramUITests;
				PRODUCT_NAME = "$(TARGET_NAME)";
				SWIFT_VERSION = 5.0;
				TARGETED_DEVICE_FAMILY = "1,2";
				TEST_TARGET_NAME = Parstagram;
			};
			name = Release;
		};
/* End XCBuildConfiguration section */

/* Begin XCConfigurationList section */
		22E3BA8225439ED5003EBE1B /* Build configuration list for PBXProject "Parstagram" */ = {
			isa = XCConfigurationList;
			buildConfigurations = (
				22E3BAAF25439ED6003EBE1B /* Debug */,
				22E3BAB025439ED6003EBE1B /* Release */,
			);
			defaultConfigurationIsVisible = 0;
			defaultConfigurationName = Release;
		};
		22E3BAB125439ED6003EBE1B /* Build configuration list for PBXNativeTarget "Parstagram" */ = {
			isa = XCConfigurationList;
			buildConfigurations = (
				22E3BAB225439ED6003EBE1B /* Debug */,
				22E3BAB325439ED6003EBE1B /* Release */,
			);
			defaultConfigurationIsVisible = 0;
			defaultConfigurationName = Release;
		};
		22E3BAB425439ED6003EBE1B /* Build configuration list for PBXNativeTarget "ParstagramTests" */ = {
			isa = XCConfigurationList;
			buildConfigurations = (
				22E3BAB525439ED6003EBE1B /* Debug */,
				22E3BAB625439ED6003EBE1B /* Release */,
			);
			defaultConfigurationIsVisible = 0;
			defaultConfigurationName = Release;
		};
		22E3BAB725439ED6003EBE1B /* Build configuration list for PBXNativeTarget "ParstagramUITests" */ = {
			isa = XCConfigurationList;
			buildConfigurations = (
				22E3BAB825439ED6003EBE1B /* Debug */,
				22E3BAB925439ED6003EBE1B /* Release */,
			);
			defaultConfigurationIsVisible = 0;
			defaultConfigurationName = Release;
		};
/* End XCConfigurationList section */
	};
	rootObject = 22E3BA7F25439ED5003EBE1B /* Project object */;
}
